
Microsoft Visual Studio Solution File, Format Version 12.00
# Visual Studio Version 16
VisualStudioVersion = 16.0.31727.386
MinimumVisualStudioVersion = 10.0.40219.1
Project("{9A19103F-16F7-4668-BE54-9A1E7A4F7556}") = "TechBeauty.Csl", "TechBeauty.Csl\TechBeauty.Csl.csproj", "{4C5185A6-9707-4DD2-B848-2D4E27579103}"
EndProject
Project("{9A19103F-16F7-4668-BE54-9A1E7A4F7556}") = "TechBeauty.Dominio", "TechBeauty.Dominio\TechBeauty.Dominio.csproj", "{B8EAED76-DBE0-407A-949F-D3F1B276B612}"
EndProject
Project("{9A19103F-16F7-4668-BE54-9A1E7A4F7556}") = "TechBeauty.Dados", "TechBeauty.Dados\TechBeauty.Dados.csproj", "{54506648-3690-40E7-9385-D258166BCB77}"
EndProject
Project("{FAE04EC0-301F-11D3-BF4B-00C04F79EFBC}") = "TechBeauty.API", "TechBeauty.API\TechBeauty.API.csproj", "{9963A35E-FA66-4BA9-BA1E-BB728794995D}"
EndProject
Global
	GlobalSection(SolutionConfigurationPlatforms) = preSolution
		Debug|Any CPU = Debug|Any CPU
		Release|Any CPU = Release|Any CPU
	EndGlobalSection
	GlobalSection(ProjectConfigurationPlatforms) = postSolution
		{4C5185A6-9707-4DD2-B848-2D4E27579103}.Debug|Any CPU.ActiveCfg = Debug|Any CPU
		{4C5185A6-9707-4DD2-B848-2D4E27579103}.Debug|Any CPU.Build.0 = Debug|Any CPU
		{4C5185A6-9707-4DD2-B848-2D4E27579103}.Release|Any CPU.ActiveCfg = Release|Any CPU
		{4C5185A6-9707-4DD2-B848-2D4E27579103}.Release|Any CPU.Build.0 = Release|Any CPU
		{B8EAED76-DBE0-407A-949F-D3F1B276B612}.Debug|Any CPU.ActiveCfg = Debug|Any CPU
		{B8EAED76-DBE0-407A-949F-D3F1B276B612}.Debug|Any CPU.Build.0 = Debug|Any CPU
		{B8EAED76-DBE0-407A-949F-D3F1B276B612}.Release|Any CPU.ActiveCfg = Release|Any CPU
		{B8EAED76-DBE0-407A-949F-D3F1B276B612}.Release|Any CPU.Build.0 = Release|Any CPU
		{54506648-3690-40E7-9385-D258166BCB77}.Debug|Any CPU.ActiveCfg = Debug|Any CPU
		{54506648-3690-40E7-9385-D258166BCB77}.Debug|Any CPU.Build.0 = Debug|Any CPU
		{54506648-3690-40E7-9385-D258166BCB77}.Release|Any CPU.ActiveCfg = Release|Any CPU
		{54506648-3690-40E7-9385-D258166BCB77}.Release|Any CPU.Build.0 = Release|Any CPU
		{9963A35E-FA66-4BA9-BA1E-BB728794995D}.Debug|Any CPU.ActiveCfg = Debug|Any CPU
		{9963A35E-FA66-4BA9-BA1E-BB728794995D}.Debug|Any CPU.Build.0 = Debug|Any CPU
		{9963A35E-FA66-4BA9-BA1E-BB728794995D}.Release|Any CPU.ActiveCfg = Release|Any CPU
		{9963A35E-FA66-4BA9-BA1E-BB728794995D}.Release|Any CPU.Build.0 = Release|Any CPU
	EndGlobalSection
	GlobalSection(SolutionProperties) = preSolution
		HideSolutionNode = FALSE
	EndGlobalSection
	GlobalSection(ExtensibilityGlobals) = postSolution
		SolutionGuid = {DC7ACB41-9180-4F87-ACA1-8E9E229E773F}
	EndGlobalSection
EndGlobal
